
Microsoft Visual Studio Solution File, Format Version 12.00
# Visual Studio Version 16
VisualStudioVersion = 16.0.29911.84
MinimumVisualStudioVersion = 10.0.40219.1
Project("{FAE04EC0-301F-11D3-BF4B-00C04F79EFBC}") = "Transact", "Transact\Transact.csproj", "{1532A9E0-F26A-4B77-B7FB-32FDD7E07692}"
EndProject
Project("{FAE04EC0-301F-11D3-BF4B-00C04F79EFBC}") = "DashboardModule", "DashboardModule\DashboardModule.csproj", "{5B145DFC-1CFA-41AA-B1BD-F74756938E12}"
EndProject
Project("{FAE04EC0-301F-11D3-BF4B-00C04F79EFBC}") = "TransactionModule", "TransactionModule\TransactionModule.csproj", "{E7868E73-6CFA-4F4D-B2A2-ACAAB4C64D78}"
EndProject
Project("{FAE04EC0-301F-11D3-BF4B-00C04F79EFBC}") = "TransactionModule.Test", "TransactionModule.Test\TransactionModule.Test.csproj", "{475DEE1C-C8A9-4746-BF75-998C5F35EA14}"
EndProject
Project("{FAE04EC0-301F-11D3-BF4B-00C04F79EFBC}") = "TransactCommon", "TransactCommon\TransactCommon.csproj", "{F41385D1-CADD-4C6D-A44C-45806BA25744}"
EndProject
Project("{FAE04EC0-301F-11D3-BF4B-00C04F79EFBC}") = "TransactCommonTest", "TransactCommonTest\TransactCommonTest.csproj", "{4B104C4D-0457-41CE-A381-E091296B4D09}"
EndProject
Global
	GlobalSection(SolutionConfigurationPlatforms) = preSolution
		Debug|Any CPU = Debug|Any CPU
		Release|Any CPU = Release|Any CPU
	EndGlobalSection
	GlobalSection(ProjectConfigurationPlatforms) = postSolution
		{1532A9E0-F26A-4B77-B7FB-32FDD7E07692}.Debug|Any CPU.ActiveCfg = Debug|Any CPU
		{1532A9E0-F26A-4B77-B7FB-32FDD7E07692}.Debug|Any CPU.Build.0 = Debug|Any CPU
		{1532A9E0-F26A-4B77-B7FB-32FDD7E07692}.Release|Any CPU.ActiveCfg = Release|Any CPU
		{1532A9E0-F26A-4B77-B7FB-32FDD7E07692}.Release|Any CPU.Build.0 = Release|Any CPU
		{5B145DFC-1CFA-41AA-B1BD-F74756938E12}.Debug|Any CPU.ActiveCfg = Debug|Any CPU
		{5B145DFC-1CFA-41AA-B1BD-F74756938E12}.Debug|Any CPU.Build.0 = Debug|Any CPU
		{5B145DFC-1CFA-41AA-B1BD-F74756938E12}.Release|Any CPU.ActiveCfg = Release|Any CPU
		{5B145DFC-1CFA-41AA-B1BD-F74756938E12}.Release|Any CPU.Build.0 = Release|Any CPU
		{E7868E73-6CFA-4F4D-B2A2-ACAAB4C64D78}.Debug|Any CPU.ActiveCfg = Debug|Any CPU
		{E7868E73-6CFA-4F4D-B2A2-ACAAB4C64D78}.Debug|Any CPU.Build.0 = Debug|Any CPU
		{E7868E73-6CFA-4F4D-B2A2-ACAAB4C64D78}.Release|Any CPU.ActiveCfg = Release|Any CPU
		{E7868E73-6CFA-4F4D-B2A2-ACAAB4C64D78}.Release|Any CPU.Build.0 = Release|Any CPU
		{475DEE1C-C8A9-4746-BF75-998C5F35EA14}.Debug|Any CPU.ActiveCfg = Debug|Any CPU
		{475DEE1C-C8A9-4746-BF75-998C5F35EA14}.Debug|Any CPU.Build.0 = Debug|Any CPU
		{475DEE1C-C8A9-4746-BF75-998C5F35EA14}.Release|Any CPU.ActiveCfg = Release|Any CPU
		{475DEE1C-C8A9-4746-BF75-998C5F35EA14}.Release|Any CPU.Build.0 = Release|Any CPU
		{F41385D1-CADD-4C6D-A44C-45806BA25744}.Debug|Any CPU.ActiveCfg = Debug|Any CPU
		{F41385D1-CADD-4C6D-A44C-45806BA25744}.Debug|Any CPU.Build.0 = Debug|Any CPU
		{F41385D1-CADD-4C6D-A44C-45806BA25744}.Release|Any CPU.ActiveCfg = Release|Any CPU
		{F41385D1-CADD-4C6D-A44C-45806BA25744}.Release|Any CPU.Build.0 = Release|Any CPU
		{4B104C4D-0457-41CE-A381-E091296B4D09}.Debug|Any CPU.ActiveCfg = Debug|Any CPU
		{4B104C4D-0457-41CE-A381-E091296B4D09}.Debug|Any CPU.Build.0 = Debug|Any CPU
		{4B104C4D-0457-41CE-A381-E091296B4D09}.Release|Any CPU.ActiveCfg = Release|Any CPU
		{4B104C4D-0457-41CE-A381-E091296B4D09}.Release|Any CPU.Build.0 = Release|Any CPU
	EndGlobalSection
	GlobalSection(SolutionProperties) = preSolution
		HideSolutionNode = FALSE
	EndGlobalSection
	GlobalSection(ExtensibilityGlobals) = postSolution
		SolutionGuid = {D11D2689-3805-4CC2-AB28-2610A0888960}
	EndGlobalSection
EndGlobal
